
Microsoft Visual Studio Solution File, Format Version 12.00
# Visual Studio Version 17
VisualStudioVersion = 17.0.32002.185
MinimumVisualStudioVersion = 10.0.40219.1
Project("{FAE04EC0-301F-11D3-BF4B-00C04F79EFBC}") = "FunctionApp1234", "FunctionApp1234\FunctionApp1234.csproj", "{74704002-41DF-416C-AE83-3BA35380E277}"
EndProject
Global
	GlobalSection(SolutionConfigurationPlatforms) = preSolution
		Debug|Any CPU = Debug|Any CPU
		Release|Any CPU = Release|Any CPU
	EndGlobalSection
	GlobalSection(ProjectConfigurationPlatforms) = postSolution
		{74704002-41DF-416C-AE83-3BA35380E277}.Debug|Any CPU.ActiveCfg = Debug|Any CPU
		{74704002-41DF-416C-AE83-3BA35380E277}.Debug|Any CPU.Build.0 = Debug|Any CPU
		{74704002-41DF-416C-AE83-3BA35380E277}.Release|Any CPU.ActiveCfg = Release|Any CPU
		{74704002-41DF-416C-AE83-3BA35380E277}.Release|Any CPU.Build.0 = Release|Any CPU
	EndGlobalSection
	GlobalSection(SolutionProperties) = preSolution
		HideSolutionNode = FALSE
	EndGlobalSection
	GlobalSection(ExtensibilityGlobals) = postSolution
		SolutionGuid = {C41AC418-E3E0-44B8-96C4-9D0F8B5F4675}
	EndGlobalSection
EndGlobal
